
Microsoft Visual Studio Solution File, Format Version 12.00
# Visual Studio Version 16
VisualStudioVersion = 16.0.30503.244
MinimumVisualStudioVersion = 10.0.40219.1
Project("{FAE04EC0-301F-11D3-BF4B-00C04F79EFBC}") = "RMDataManager", "RMDataManager\RMDataManager.csproj", "{616CD69E-7012-481B-85F2-75B61AEAC9F9}"
EndProject
Project("{00D1A9C2-B5F0-4AF3-8072-F6C62B433612}") = "RMData", "RMData\RMData.sqlproj", "{90EA9A78-6DF4-4D26-83E8-8BC595B8CFFB}"
EndProject
Project("{FAE04EC0-301F-11D3-BF4B-00C04F79EFBC}") = "RMDesktopUI", "RMDesktopUI\RMDesktopUI.csproj", "{357B25D5-EA27-4BC0-8030-76C929869AF9}"
EndProject
Project("{FAE04EC0-301F-11D3-BF4B-00C04F79EFBC}") = "RMDataManager.Library", "RMDataManager.Library\RMDataManager.Library.csproj", "{AFB4DCC0-3963-4444-986B-D2E3EAB022D5}"
EndProject
Global
	GlobalSection(SolutionConfigurationPlatforms) = preSolution
		Debug|Any CPU = Debug|Any CPU
		Release|Any CPU = Release|Any CPU
	EndGlobalSection
	GlobalSection(ProjectConfigurationPlatforms) = postSolution
		{616CD69E-7012-481B-85F2-75B61AEAC9F9}.Debug|Any CPU.ActiveCfg = Debug|Any CPU
		{616CD69E-7012-481B-85F2-75B61AEAC9F9}.Debug|Any CPU.Build.0 = Debug|Any CPU
		{616CD69E-7012-481B-85F2-75B61AEAC9F9}.Release|Any CPU.ActiveCfg = Release|Any CPU
		{616CD69E-7012-481B-85F2-75B61AEAC9F9}.Release|Any CPU.Build.0 = Release|Any CPU
		{90EA9A78-6DF4-4D26-83E8-8BC595B8CFFB}.Debug|Any CPU.ActiveCfg = Debug|Any CPU
		{90EA9A78-6DF4-4D26-83E8-8BC595B8CFFB}.Debug|Any CPU.Build.0 = Debug|Any CPU
		{90EA9A78-6DF4-4D26-83E8-8BC595B8CFFB}.Debug|Any CPU.Deploy.0 = Debug|Any CPU
		{90EA9A78-6DF4-4D26-83E8-8BC595B8CFFB}.Release|Any CPU.ActiveCfg = Release|Any CPU
		{90EA9A78-6DF4-4D26-83E8-8BC595B8CFFB}.Release|Any CPU.Build.0 = Release|Any CPU
		{90EA9A78-6DF4-4D26-83E8-8BC595B8CFFB}.Release|Any CPU.Deploy.0 = Release|Any CPU
		{357B25D5-EA27-4BC0-8030-76C929869AF9}.Debug|Any CPU.ActiveCfg = Debug|Any CPU
		{357B25D5-EA27-4BC0-8030-76C929869AF9}.Debug|Any CPU.Build.0 = Debug|Any CPU
		{357B25D5-EA27-4BC0-8030-76C929869AF9}.Release|Any CPU.ActiveCfg = Release|Any CPU
		{357B25D5-EA27-4BC0-8030-76C929869AF9}.Release|Any CPU.Build.0 = Release|Any CPU
		{AFB4DCC0-3963-4444-986B-D2E3EAB022D5}.Debug|Any CPU.ActiveCfg = Debug|Any CPU
		{AFB4DCC0-3963-4444-986B-D2E3EAB022D5}.Debug|Any CPU.Build.0 = Debug|Any CPU
		{AFB4DCC0-3963-4444-986B-D2E3EAB022D5}.Release|Any CPU.ActiveCfg = Release|Any CPU
		{AFB4DCC0-3963-4444-986B-D2E3EAB022D5}.Release|Any CPU.Build.0 = Release|Any CPU
	EndGlobalSection
	GlobalSection(SolutionProperties) = preSolution
		HideSolutionNode = FALSE
	EndGlobalSection
	GlobalSection(ExtensibilityGlobals) = postSolution
		SolutionGuid = {345F5552-45C9-46FC-A771-E095C418B218}
	EndGlobalSection
EndGlobal
